{
  "name": "qlcodes",
  "version": "1.1.4",
  "lockfileVersion": 3,
  "requires": true,
  "packages": {
    "": {
      "name": "qlcodes",
      "version": "1.1.4",
      "license": "MIT",
      "dependencies": {
        "@maze014/dom-fetch": "file:../corsanwr",
        "onstdin": "^1.0.0",
        "reargv": "^1.0.2",
        "to-snake-case": "^1.0.0"
      }
    },
    "../corsanwr": {
      "name": "@maze014/dom-fetch",
      "version": "1.2.1",
      "license": "MIT",
      "dependencies": {
        "jsdom": "^27.4.0",
        "puppeteer": "^24.34.0"
      },
      "devDependencies": {
        "@types/jsdom": "^27.0.0",
        "jsmin": "^1.0.1",
        "tsup": "^8.5.1",
        "typescript": "^5.9.3"
      }
    },
    "node_modules/@maze014/dom-fetch": {
      "resolved": "../corsanwr",
      "link": true
    },
    "node_modules/onstdin": {
      "version": "1.0.0",
      "resolved": "https://registry.npmjs.org/onstdin/-/onstdin-1.0.0.tgz",
      "integrity": "sha512-1pEtlnVpVFeocRDJQi4njDBBf8llZwE+AE2Bk0grrBDBFkn3mRMX8vRhV35x0jueyM3hBrbxXsND4JUXDOH87Q==",
      "license": "MIT",
      "dependencies": {
        "reargv": "^1.0.2"
      }
    },
    "node_modules/reargv": {
      "version": "1.0.2",
      "resolved": "https://registry.npmjs.org/reargv/-/reargv-1.0.2.tgz",
      "integrity": "sha512-IghwzDKx+uH/BtRZ06xc2d/ANNPCoZD2YRPZ9vtvDyCDXQYHXAz4+Rq5HzPHFjH22kDh4f1ia6Vm1ZVmoDqpqA==",
      "license": "MIT"
    },
    "node_modules/to-no-case": {
      "version": "1.0.2",
      "resolved": "https://registry.npmjs.org/to-no-case/-/to-no-case-1.0.2.tgz",
      "integrity": "sha512-Z3g735FxuZY8rodxV4gH7LxClE4H0hTIyHNIHdk+vpQxjLm0cwnKXq/OFVZ76SOQmto7txVcwSCwkU5kqp+FKg==",
      "license": "MIT"
    },
    "node_modules/to-snake-case": {
      "version": "1.0.0",
      "resolved": "https://registry.npmjs.org/to-snake-case/-/to-snake-case-1.0.0.tgz",
      "integrity": "sha512-joRpzBAk1Bhi2eGEYBjukEWHOe/IvclOkiJl3DtA91jV6NwQ3MwXA4FHYeqk8BNp/D8bmi9tcNbRu/SozP0jbQ==",
      "license": "MIT",
      "dependencies": {
        "to-space-case": "^1.0.0"
      }
    },
    "node_modules/to-space-case": {
      "version": "1.0.0",
      "resolved": "https://registry.npmjs.org/to-space-case/-/to-space-case-1.0.0.tgz",
      "integrity": "sha512-rLdvwXZ39VOn1IxGL3V6ZstoTbwLRckQmn/U8ZDLuWwIXNpuZDhQ3AiRUlhTbOXFVE9C+dR51wM0CBDhk31VcA==",
      "license": "MIT",
      "dependencies": {
        "to-no-case": "^1.0.0"
      }
    }
  }
}
